// !$*UTF8*$!
{
	archiveVersion = 1;
	classes = {
	};
	objectVersion = 56;
	objects = {

/* Begin PBXBuildFile section */
		CD5FC17429C33E2600B22128 /* SwiftUI_BasicApp.swift in Sources */ = {isa = PBXBuildFile; fileRef = CD5FC17329C33E2600B22128 /* SwiftUI_BasicApp.swift */; };
		CD5FC17629C33E2600B22128 /* ContentView.swift in Sources */ = {isa = PBXBuildFile; fileRef = CD5FC17529C33E2600B22128 /* ContentView.swift */; };
		CD5FC17829C33E2700B22128 /* Assets.xcassets in Resources */ = {isa = PBXBuildFile; fileRef = CD5FC17729C33E2700B22128 /* Assets.xcassets */; };
		CD5FC17B29C33E2700B22128 /* Preview Assets.xcassets in Resources */ = {isa = PBXBuildFile; fileRef = CD5FC17A29C33E2700B22128 /* Preview Assets.xcassets */; };
		CD5FC18529C33E2700B22128 /* SwiftUI_BasicTests.swift in Sources */ = {isa = PBXBuildFile; fileRef = CD5FC18429C33E2700B22128 /* SwiftUI_BasicTests.swift */; };
		CD5FC18F29C33E2700B22128 /* SwiftUI_BasicUITests.swift in Sources */ = {isa = PBXBuildFile; fileRef = CD5FC18E29C33E2700B22128 /* SwiftUI_BasicUITests.swift */; };
		CD5FC19129C33E2700B22128 /* SwiftUI_BasicUITestsLaunchTests.swift in Sources */ = {isa = PBXBuildFile; fileRef = CD5FC19029C33E2700B22128 /* SwiftUI_BasicUITestsLaunchTests.swift */; };
		CD5FC19E29C33E6B00B22128 /* TextView.swift in Sources */ = {isa = PBXBuildFile; fileRef = CD5FC19D29C33E6B00B22128 /* TextView.swift */; };
		CD5FC1A029C33EAE00B22128 /* ButtonView.swift in Sources */ = {isa = PBXBuildFile; fileRef = CD5FC19F29C33EAE00B22128 /* ButtonView.swift */; };
		CD5FC1A329C33EF300B22128 /* ImageView.swift in Sources */ = {isa = PBXBuildFile; fileRef = CD5FC1A229C33EF300B22128 /* ImageView.swift */; };
/* End PBXBuildFile section */

/* Begin PBXContainerItemProxy section */
		CD5FC18129C33E2700B22128 /* PBXContainerItemProxy */ = {
			isa = PBXContainerItemProxy;
			containerPortal = CD5FC16829C33E2600B22128 /* Project object */;
			proxyType = 1;
			remoteGlobalIDString = CD5FC16F29C33E2600B22128;
			remoteInfo = "SwiftUI-Basic";
		};
		CD5FC18B29C33E2700B22128 /* PBXContainerItemProxy */ = {
			isa = PBXContainerItemProxy;
			containerPortal = CD5FC16829C33E2600B22128 /* Project object */;
			proxyType = 1;
			remoteGlobalIDString = CD5FC16F29C33E2600B22128;
			remoteInfo = "SwiftUI-Basic";
		};
/* End PBXContainerItemProxy section */

/* Begin PBXFileReference section */
		CD5FC17029C33E2600B22128 /* SwiftUI-Basic.app */ = {isa = PBXFileReference; explicitFileType = wrapper.application; includeInIndex = 0; path = "SwiftUI-Basic.app"; sourceTree = BUILT_PRODUCTS_DIR; };
		CD5FC17329C33E2600B22128 /* SwiftUI_BasicApp.swift */ = {isa = PBXFileReference; lastKnownFileType = sourcecode.swift; path = SwiftUI_BasicApp.swift; sourceTree = "<group>"; };
		CD5FC17529C33E2600B22128 /* ContentView.swift */ = {isa = PBXFileReference; lastKnownFileType = sourcecode.swift; path = ContentView.swift; sourceTree = "<group>"; };
		CD5FC17729C33E2700B22128 /* Assets.xcassets */ = {isa = PBXFileReference; lastKnownFileType = folder.assetcatalog; path = Assets.xcassets; sourceTree = "<group>"; };
		CD5FC17A29C33E2700B22128 /* Preview Assets.xcassets */ = {isa = PBXFileReference; lastKnownFileType = folder.assetcatalog; path = "Preview Assets.xcassets"; sourceTree = "<group>"; };
		CD5FC18029C33E2700B22128 /* SwiftUI-BasicTests.xctest */ = {isa = PBXFileReference; explicitFileType = wrapper.cfbundle; includeInIndex = 0; path = "SwiftUI-BasicTests.xctest"; sourceTree = BUILT_PRODUCTS_DIR; };
		CD5FC18429C33E2700B22128 /* SwiftUI_BasicTests.swift */ = {isa = PBXFileReference; lastKnownFileType = sourcecode.swift; path = SwiftUI_BasicTests.swift; sourceTree = "<group>"; };
		CD5FC18A29C33E2700B22128 /* SwiftUI-BasicUITests.xctest */ = {isa = PBXFileReference; explicitFileType = wrapper.cfbundle; includeInIndex = 0; path = "SwiftUI-BasicUITests.xctest"; sourceTree = BUILT_PRODUCTS_DIR; };
		CD5FC18E29C33E2700B22128 /* SwiftUI_BasicUITests.swift */ = {isa = PBXFileReference; lastKnownFileType = sourcecode.swift; path = SwiftUI_BasicUITests.swift; sourceTree = "<group>"; };
		CD5FC19029C33E2700B22128 /* SwiftUI_BasicUITestsLaunchTests.swift */ = {isa = PBXFileReference; lastKnownFileType = sourcecode.swift; path = SwiftUI_BasicUITestsLaunchTests.swift; sourceTree = "<group>"; };
		CD5FC19D29C33E6B00B22128 /* TextView.swift */ = {isa = PBXFileReference; lastKnownFileType = sourcecode.swift; path = TextView.swift; sourceTree = "<group>"; };
		CD5FC19F29C33EAE00B22128 /* ButtonView.swift */ = {isa = PBXFileReference; lastKnownFileType = sourcecode.swift; path = ButtonView.swift; sourceTree = "<group>"; };
		CD5FC1A229C33EF300B22128 /* ImageView.swift */ = {isa = PBXFileReference; lastKnownFileType = sourcecode.swift; path = ImageView.swift; sourceTree = "<group>"; };
/* End PBXFileReference section */

/* Begin PBXFrameworksBuildPhase section */
		CD5FC16D29C33E2600B22128 /* Frameworks */ = {
			isa = PBXFrameworksBuildPhase;
			buildActionMask = 2147483647;
			files = (
			);
			runOnlyForDeploymentPostprocessing = 0;
		};
		CD5FC17D29C33E2700B22128 /* Frameworks */ = {
			isa = PBXFrameworksBuildPhase;
			buildActionMask = 2147483647;
			files = (
			);
			runOnlyForDeploymentPostprocessing = 0;
		};
		CD5FC18729C33E2700B22128 /* Frameworks */ = {
			isa = PBXFrameworksBuildPhase;
			buildActionMask = 2147483647;
			files = (
			);
			runOnlyForDeploymentPostprocessing = 0;
		};
/* End PBXFrameworksBuildPhase section */

/* Begin PBXGroup section */
		CD5FC16729C33E2600B22128 = {
			isa = PBXGroup;
			children = (
				CD5FC17229C33E2600B22128 /* SwiftUI-Basic */,
				CD5FC18329C33E2700B22128 /* SwiftUI-BasicTests */,
				CD5FC18D29C33E2700B22128 /* SwiftUI-BasicUITests */,
				CD5FC17129C33E2600B22128 /* Products */,
			);
			sourceTree = "<group>";
		};
		CD5FC17129C33E2600B22128 /* Products */ = {
			isa = PBXGroup;
			children = (
				CD5FC17029C33E2600B22128 /* SwiftUI-Basic.app */,
				CD5FC18029C33E2700B22128 /* SwiftUI-BasicTests.xctest */,
				CD5FC18A29C33E2700B22128 /* SwiftUI-BasicUITests.xctest */,
			);
			name = Products;
			sourceTree = "<group>";
		};
		CD5FC17229C33E2600B22128 /* SwiftUI-Basic */ = {
			isa = PBXGroup;
			children = (
				CD5FC17329C33E2600B22128 /* SwiftUI_BasicApp.swift */,
				CD5FC17529C33E2600B22128 /* ContentView.swift */,
				CD5FC19D29C33E6B00B22128 /* TextView.swift */,
				CD5FC19F29C33EAE00B22128 /* ButtonView.swift */,
				CD5FC1A229C33EF300B22128 /* ImageView.swift */,
				CD5FC17729C33E2700B22128 /* Assets.xcassets */,
				CD5FC17929C33E2700B22128 /* Preview Content */,
			);
			path = "SwiftUI-Basic";
			sourceTree = "<group>";
		};
		CD5FC17929C33E2700B22128 /* Preview Content */ = {
			isa = PBXGroup;
			children = (
				CD5FC17A29C33E2700B22128 /* Preview Assets.xcassets */,
			);
			path = "Preview Content";
			sourceTree = "<group>";
		};
		CD5FC18329C33E2700B22128 /* SwiftUI-BasicTests */ = {
			isa = PBXGroup;
			children = (
				CD5FC18429C33E2700B22128 /* SwiftUI_BasicTests.swift */,
			);
			path = "SwiftUI-BasicTests";
			sourceTree = "<group>";
		};
		CD5FC18D29C33E2700B22128 /* SwiftUI-BasicUITests */ = {
			isa = PBXGroup;
			children = (
				CD5FC18E29C33E2700B22128 /* SwiftUI_BasicUITests.swift */,
				CD5FC19029C33E2700B22128 /* SwiftUI_BasicUITestsLaunchTests.swift */,
			);
			path = "SwiftUI-BasicUITests";
			sourceTree = "<group>";
		};
/* End PBXGroup section */

/* Begin PBXNativeTarget section */
		CD5FC16F29C33E2600B22128 /* SwiftUI-Basic */ = {
			isa = PBXNativeTarget;
			buildConfigurationList = CD5FC19429C33E2700B22128 /* Build configuration list for PBXNativeTarget "SwiftUI-Basic" */;
			buildPhases = (
				CD5FC16C29C33E2600B22128 /* Sources */,
				CD5FC16D29C33E2600B22128 /* Frameworks */,
				CD5FC16E29C33E2600B22128 /* Resources */,
			);
			buildRules = (
			);
			dependencies = (
			);
			name = "SwiftUI-Basic";
			productName = "SwiftUI-Basic";
			productReference = CD5FC17029C33E2600B22128 /* SwiftUI-Basic.app */;
			productType = "com.apple.product-type.application";
		};
		CD5FC17F29C33E2700B22128 /* SwiftUI-BasicTests */ = {
			isa = PBXNativeTarget;
			buildConfigurationList = CD5FC19729C33E2700B22128 /* Build configuration list for PBXNativeTarget "SwiftUI-BasicTests" */;
			buildPhases = (
				CD5FC17C29C33E2700B22128 /* Sources */,
				CD5FC17D29C33E2700B22128 /* Frameworks */,
				CD5FC17E29C33E2700B22128 /* Resources */,
			);
			buildRules = (
			);
			dependencies = (
				CD5FC18229C33E2700B22128 /* PBXTargetDependency */,
			);
			name = "SwiftUI-BasicTests";
			productName = "SwiftUI-BasicTests";
			productReference = CD5FC18029C33E2700B22128 /* SwiftUI-BasicTests.xctest */;
			productType = "com.apple.product-type.bundle.unit-test";
		};
		CD5FC18929C33E2700B22128 /* SwiftUI-BasicUITests */ = {
			isa = PBXNativeTarget;
			buildConfigurationList = CD5FC19A29C33E2700B22128 /* Build configuration list for PBXNativeTarget "SwiftUI-BasicUITests" */;
			buildPhases = (
				CD5FC18629C33E2700B22128 /* Sources */,
				CD5FC18729C33E2700B22128 /* Frameworks */,
				CD5FC18829C33E2700B22128 /* Resources */,
			);
			buildRules = (
			);
			dependencies = (
				CD5FC18C29C33E2700B22128 /* PBXTargetDependency */,
			);
			name = "SwiftUI-BasicUITests";
			productName = "SwiftUI-BasicUITests";
			productReference = CD5FC18A29C33E2700B22128 /* SwiftUI-BasicUITests.xctest */;
			productType = "com.apple.product-type.bundle.ui-testing";
		};
/* End PBXNativeTarget section */

/* Begin PBXProject section */
		CD5FC16829C33E2600B22128 /* Project object */ = {
			isa = PBXProject;
			attributes = {
				BuildIndependentTargetsInParallel = 1;
				LastSwiftUpdateCheck = 1420;
				LastUpgradeCheck = 1420;
				TargetAttributes = {
					CD5FC16F29C33E2600B22128 = {
						CreatedOnToolsVersion = 14.2;
					};
					CD5FC17F29C33E2700B22128 = {
						CreatedOnToolsVersion = 14.2;
						TestTargetID = CD5FC16F29C33E2600B22128;
					};
					CD5FC18929C33E2700B22128 = {
						CreatedOnToolsVersion = 14.2;
						TestTargetID = CD5FC16F29C33E2600B22128;
					};
				};
			};
			buildConfigurationList = CD5FC16B29C33E2600B22128 /* Build configuration list for PBXProject "SwiftUI-Basic" */;
			compatibilityVersion = "Xcode 14.0";
			developmentRegion = en;
			hasScannedForEncodings = 0;
			knownRegions = (
				en,
				Base,
			);
			mainGroup = CD5FC16729C33E2600B22128;
			productRefGroup = CD5FC17129C33E2600B22128 /* Products */;
			projectDirPath = "";
			projectRoot = "";
			targets = (
				CD5FC16F29C33E2600B22128 /* SwiftUI-Basic */,
				CD5FC17F29C33E2700B22128 /* SwiftUI-BasicTests */,
				CD5FC18929C33E2700B22128 /* SwiftUI-BasicUITests */,
			);
		};
/* End PBXProject section */

/* Begin PBXResourcesBuildPhase section */
		CD5FC16E29C33E2600B22128 /* Resources */ = {
			isa = PBXResourcesBuildPhase;
			buildActionMask = 2147483647;
			files = (
				CD5FC17B29C33E2700B22128 /* Preview Assets.xcassets in Resources */,
				CD5FC17829C33E2700B22128 /* Assets.xcassets in Resources */,
			);
			runOnlyForDeploymentPostprocessing = 0;
		};
		CD5FC17E29C33E2700B22128 /* Resources */ = {
			isa = PBXResourcesBuildPhase;
			buildActionMask = 2147483647;
			files = (
			);
			runOnlyForDeploymentPostprocessing = 0;
		};
		CD5FC18829C33E2700B22128 /* Resources */ = {
			isa = PBXResourcesBuildPhase;
			buildActionMask = 2147483647;
			files = (
			);
			runOnlyForDeploymentPostprocessing = 0;
		};
/* End PBXResourcesBuildPhase section */

/* Begin PBXSourcesBuildPhase section */
		CD5FC16C29C33E2600B22128 /* Sources */ = {
			isa = PBXSourcesBuildPhase;
			buildActionMask = 2147483647;
			files = (
				CD5FC1A329C33EF300B22128 /* ImageView.swift in Sources */,
				CD5FC19E29C33E6B00B22128 /* TextView.swift in Sources */,
				CD5FC17629C33E2600B22128 /* ContentView.swift in Sources */,
				CD5FC1A029C33EAE00B22128 /* ButtonView.swift in Sources */,
				CD5FC17429C33E2600B22128 /* SwiftUI_BasicApp.swift in Sources */,
			);
			runOnlyForDeploymentPostprocessing = 0;
		};
		CD5FC17C29C33E2700B22128 /* Sources */ = {
			isa = PBXSourcesBuildPhase;
			buildActionMask = 2147483647;
			files = (
				CD5FC18529C33E2700B22128 /* SwiftUI_BasicTests.swift in Sources */,
			);
			runOnlyForDeploymentPostprocessing = 0;
		};
		CD5FC18629C33E2700B22128 /* Sources */ = {
			isa = PBXSourcesBuildPhase;
			buildActionMask = 2147483647;
			files = (
				CD5FC18F29C33E2700B22128 /* SwiftUI_BasicUITests.swift in Sources */,
				CD5FC19129C33E2700B22128 /* SwiftUI_BasicUITestsLaunchTests.swift in Sources */,
			);
			runOnlyForDeploymentPostprocessing = 0;
		};
/* End PBXSourcesBuildPhase section */

/* Begin PBXTargetDependency section */
		CD5FC18229C33E2700B22128 /* PBXTargetDependency */ = {
			isa = PBXTargetDependency;
			target = CD5FC16F29C33E2600B22128 /* SwiftUI-Basic */;
			targetProxy = CD5FC18129C33E2700B22128 /* PBXContainerItemProxy */;
		};
		CD5FC18C29C33E2700B22128 /* PBXTargetDependency */ = {
			isa = PBXTargetDependency;
			target = CD5FC16F29C33E2600B22128 /* SwiftUI-Basic */;
			targetProxy = CD5FC18B29C33E2700B22128 /* PBXContainerItemProxy */;
		};
/* End PBXTargetDependency section */

/* Begin XCBuildConfiguration section */
		CD5FC19229C33E2700B22128 /* Debug */ = {
			isa = XCBuildConfiguration;
			buildSettings = {
				ALWAYS_SEARCH_USER_PATHS = NO;
				CLANG_ANALYZER_NONNULL = YES;
				CLANG_ANALYZER_NUMBER_OBJECT_CONVERSION = YES_AGGRESSIVE;
				CLANG_CXX_LANGUAGE_STANDARD = "gnu++20";
				CLANG_ENABLE_MODULES = YES;
				CLANG_ENABLE_OBJC_ARC = YES;
				CLANG_ENABLE_OBJC_WEAK = YES;
				CLANG_WARN_BLOCK_CAPTURE_AUTORELEASING = YES;
				CLANG_WARN_BOOL_CONVERSION = YES;
				CLANG_WARN_COMMA = YES;
				CLANG_WARN_CONSTANT_CONVERSION = YES;
				CLANG_WARN_DEPRECATED_OBJC_IMPLEMENTATIONS = YES;
				CLANG_WARN_DIRECT_OBJC_ISA_USAGE = YES_ERROR;
				CLANG_WARN_DOCUMENTATION_COMMENTS = YES;
				CLANG_WARN_EMPTY_BODY = YES;
				CLANG_WARN_ENUM_CONVERSION = YES;
				CLANG_WARN_INFINITE_RECURSION = YES;
				CLANG_WARN_INT_CONVERSION = YES;
				CLANG_WARN_NON_LITERAL_NULL_CONVERSION = YES;
				CLANG_WARN_OBJC_IMPLICIT_RETAIN_SELF = YES;
				CLANG_WARN_OBJC_LITERAL_CONVERSION = YES;
				CLANG_WARN_OBJC_ROOT_CLASS = YES_ERROR;
				CLANG_WARN_QUOTED_INCLUDE_IN_FRAMEWORK_HEADER = YES;
				CLANG_WARN_RANGE_LOOP_ANALYSIS = YES;
				CLANG_WARN_STRICT_PROTOTYPES = YES;
				CLANG_WARN_SUSPICIOUS_MOVE = YES;
				CLANG_WARN_UNGUARDED_AVAILABILITY = YES_AGGRESSIVE;
				CLANG_WARN_UNREACHABLE_CODE = YES;
				CLANG_WARN__DUPLICATE_METHOD_MATCH = YES;
				COPY_PHASE_STRIP = NO;
				DEBUG_INFORMATION_FORMAT = dwarf;
				ENABLE_STRICT_OBJC_MSGSEND = YES;
				ENABLE_TESTABILITY = YES;
				GCC_C_LANGUAGE_STANDARD = gnu11;
				GCC_DYNAMIC_NO_PIC = NO;
				GCC_NO_COMMON_BLOCKS = YES;
				GCC_OPTIMIZATION_LEVEL = 0;
				GCC_PREPROCESSOR_DEFINITIONS = (
					"DEBUG=1",
					"$(inherited)",
				);
				GCC_WARN_64_TO_32_BIT_CONVERSION = YES;
				GCC_WARN_ABOUT_RETURN_TYPE = YES_ERROR;
				GCC_WARN_UNDECLARED_SELECTOR = YES;
				GCC_WARN_UNINITIALIZED_AUTOS = YES_AGGRESSIVE;
				GCC_WARN_UNUSED_FUNCTION = YES;
				GCC_WARN_UNUSED_VARIABLE = YES;
				IPHONEOS_DEPLOYMENT_TARGET = 16.2;
				MTL_ENABLE_DEBUG_INFO = INCLUDE_SOURCE;
				MTL_FAST_MATH = YES;
				ONLY_ACTIVE_ARCH = YES;
				SDKROOT = iphoneos;
				SWIFT_ACTIVE_COMPILATION_CONDITIONS = DEBUG;
				SWIFT_OPTIMIZATION_LEVEL = "-Onone";
			};
			name = Debug;
		};
		CD5FC19329C33E2700B22128 /* Release */ = {
			isa = XCBuildConfiguration;
			buildSettings = {
				ALWAYS_SEARCH_USER_PATHS = NO;
				CLANG_ANALYZER_NONNULL = YES;
				CLANG_ANALYZER_NUMBER_OBJECT_CONVERSION = YES_AGGRESSIVE;
				CLANG_CXX_LANGUAGE_STANDARD = "gnu++20";
				CLANG_ENABLE_MODULES = YES;
				CLANG_ENABLE_OBJC_ARC = YES;
				CLANG_ENABLE_OBJC_WEAK = YES;
				CLANG_WARN_BLOCK_CAPTURE_AUTORELEASING = YES;
				CLANG_WARN_BOOL_CONVERSION = YES;
				CLANG_WARN_COMMA = YES;
				CLANG_WARN_CONSTANT_CONVERSION = YES;
				CLANG_WARN_DEPRECATED_OBJC_IMPLEMENTATIONS = YES;
				CLANG_WARN_DIRECT_OBJC_ISA_USAGE = YES_ERROR;
				CLANG_WARN_DOCUMENTATION_COMMENTS = YES;
				CLANG_WARN_EMPTY_BODY = YES;
				CLANG_WARN_ENUM_CONVERSION = YES;
				CLANG_WARN_INFINITE_RECURSION = YES;
				CLANG_WARN_INT_CONVERSION = YES;
				CLANG_WARN_NON_LITERAL_NULL_CONVERSION = YES;
				CLANG_WARN_OBJC_IMPLICIT_RETAIN_SELF = YES;
				CLANG_WARN_OBJC_LITERAL_CONVERSION = YES;
				CLANG_WARN_OBJC_ROOT_CLASS = YES_ERROR;
				CLANG_WARN_QUOTED_INCLUDE_IN_FRAMEWORK_HEADER = YES;
				CLANG_WARN_RANGE_LOOP_ANALYSIS = YES;
				CLANG_WARN_STRICT_PROTOTYPES = YES;
				CLANG_WARN_SUSPICIOUS_MOVE = YES;
				CLANG_WARN_UNGUARDED_AVAILABILITY = YES_AGGRESSIVE;
				CLANG_WARN_UNREACHABLE_CODE = YES;
				CLANG_WARN__DUPLICATE_METHOD_MATCH = YES;
				COPY_PHASE_STRIP = NO;
				DEBUG_INFORMATION_FORMAT = "dwarf-with-dsym";
				ENABLE_NS_ASSERTIONS = NO;
				ENABLE_STRICT_OBJC_MSGSEND = YES;
				GCC_C_LANGUAGE_STANDARD = gnu11;
				GCC_NO_COMMON_BLOCKS = YES;
				GCC_WARN_64_TO_32_BIT_CONVERSION = YES;
				GCC_WARN_ABOUT_RETURN_TYPE = YES_ERROR;
				GCC_WARN_UNDECLARED_SELECTOR = YES;
				GCC_WARN_UNINITIALIZED_AUTOS = YES_AGGRESSIVE;
				GCC_WARN_UNUSED_FUNCTION = YES;
				GCC_WARN_UNUSED_VARIABLE = YES;
				IPHONEOS_DEPLOYMENT_TARGET = 16.2;
				MTL_ENABLE_DEBUG_INFO = NO;
				MTL_FAST_MATH = YES;
				SDKROOT = iphoneos;
				SWIFT_COMPILATION_MODE = wholemodule;
				SWIFT_OPTIMIZATION_LEVEL = "-O";
				VALIDATE_PRODUCT = YES;
			};
			name = Release;
		};
		CD5FC19529C33E2700B22128 /* Debug */ = {
			isa = XCBuildConfiguration;
			buildSettings = {
				ASSETCATALOG_COMPILER_APPICON_NAME = AppIcon;
				ASSETCATALOG_COMPILER_GLOBAL_ACCENT_COLOR_NAME = AccentColor;
				CODE_SIGN_STYLE = Automatic;
				CURRENT_PROJECT_VERSION = 1;
				DEVELOPMENT_ASSET_PATHS = "\"SwiftUI-Basic/Preview Content\"";
				DEVELOPMENT_TEAM = P3KXNQ9736;
				ENABLE_PREVIEWS = YES;
				GENERATE_INFOPLIST_FILE = YES;
				INFOPLIST_KEY_UIApplicationSceneManifest_Generation = YES;
				INFOPLIST_KEY_UIApplicationSupportsIndirectInputEvents = YES;
				INFOPLIST_KEY_UILaunchScreen_Generation = YES;
				INFOPLIST_KEY_UISupportedInterfaceOrientations_iPad = "UIInterfaceOrientationPortrait UIInterfaceOrientationPortraitUpsideDown UIInterfaceOrientationLandscapeLeft UIInterfaceOrientationLandscapeRight";
				INFOPLIST_KEY_UISupportedInterfaceOrientations_iPhone = "UIInterfaceOrientationPortrait UIInterfaceOrientationLandscapeLeft UIInterfaceOrientationLandscapeRight";
				LD_RUNPATH_SEARCH_PATHS = (
					"$(inherited)",
					"@executable_path/Frameworks",
				);
				MARKETING_VERSION = 1.0;
				PRODUCT_BUNDLE_IDENTIFIER = "Choi.SwiftUI-Basic";
				PRODUCT_NAME = "$(TARGET_NAME)";
				SWIFT_EMIT_LOC_STRINGS = YES;
				SWIFT_VERSION = 5.0;
				TARGETED_DEVICE_FAMILY = "1,2";
			};
			name = Debug;
		};
		CD5FC19629C33E2700B22128 /* Release */ = {
			isa = XCBuildConfiguration;
			buildSettings = {
				ASSETCATALOG_COMPILER_APPICON_NAME = AppIcon;
				ASSETCATALOG_COMPILER_GLOBAL_ACCENT_COLOR_NAME = AccentColor;
				CODE_SIGN_STYLE = Automatic;
				CURRENT_PROJECT_VERSION = 1;
				DEVELOPMENT_ASSET_PATHS = "\"SwiftUI-Basic/Preview Content\"";
				DEVELOPMENT_TEAM = P3KXNQ9736;
				ENABLE_PREVIEWS = YES;
				GENERATE_INFOPLIST_FILE = YES;
				INFOPLIST_KEY_UIApplicationSceneManifest_Generation = YES;
				INFOPLIST_KEY_UIApplicationSupportsIndirectInputEvents = YES;
				INFOPLIST_KEY_UILaunchScreen_Generation = YES;
				INFOPLIST_KEY_UISupportedInterfaceOrientations_iPad = "UIInterfaceOrientationPortrait UIInterfaceOrientationPortraitUpsideDown UIInterfaceOrientationLandscapeLeft UIInterfaceOrientationLandscapeRight";
				INFOPLIST_KEY_UISupportedInterfaceOrientations_iPhone = "UIInterfaceOrientationPortrait UIInterfaceOrientationLandscapeLeft UIInterfaceOrientationLandscapeRight";
				LD_RUNPATH_SEARCH_PATHS = (
					"$(inherited)",
					"@executable_path/Frameworks",
				);
				MARKETING_VERSION = 1.0;
				PRODUCT_BUNDLE_IDENTIFIER = "Choi.SwiftUI-Basic";
				PRODUCT_NAME = "$(TARGET_NAME)";
				SWIFT_EMIT_LOC_STRINGS = YES;
				SWIFT_VERSION = 5.0;
				TARGETED_DEVICE_FAMILY = "1,2";
			};
			name = Release;
		};
		CD5FC19829C33E2700B22128 /* Debug */ = {
			isa = XCBuildConfiguration;
			buildSettings = {
				ALWAYS_EMBED_SWIFT_STANDARD_LIBRARIES = YES;
				BUNDLE_LOADER = "$(TEST_HOST)";
				CODE_SIGN_STYLE = Automatic;
				CURRENT_PROJECT_VERSION = 1;
				DEVELOPMENT_TEAM = P3KXNQ9736;
				GENERATE_INFOPLIST_FILE = YES;
				IPHONEOS_DEPLOYMENT_TARGET = 16.2;
				MARKETING_VERSION = 1.0;
				PRODUCT_BUNDLE_IDENTIFIER = "Choi.SwiftUI-BasicTests";
				PRODUCT_NAME = "$(TARGET_NAME)";
				SWIFT_EMIT_LOC_STRINGS = NO;
				SWIFT_VERSION = 5.0;
				TARGETED_DEVICE_FAMILY = "1,2";
				TEST_HOST = "$(BUILT_PRODUCTS_DIR)/SwiftUI-Basic.app/$(BUNDLE_EXECUTABLE_FOLDER_PATH)/SwiftUI-Basic";
			};
			name = Debug;
		};
		CD5FC19929C33E2700B22128 /* Release */ = {
			isa = XCBuildConfiguration;
			buildSettings = {
				ALWAYS_EMBED_SWIFT_STANDARD_LIBRARIES = YES;
				BUNDLE_LOADER = "$(TEST_HOST)";
				CODE_SIGN_STYLE = Automatic;
				CURRENT_PROJECT_VERSION = 1;
				DEVELOPMENT_TEAM = P3KXNQ9736;
				GENERATE_INFOPLIST_FILE = YES;
				IPHONEOS_DEPLOYMENT_TARGET = 16.2;
				MARKETING_VERSION = 1.0;
				PRODUCT_BUNDLE_IDENTIFIER = "Choi.SwiftUI-BasicTests";
				PRODUCT_NAME = "$(TARGET_NAME)";
				SWIFT_EMIT_LOC_STRINGS = NO;
				SWIFT_VERSION = 5.0;
				TARGETED_DEVICE_FAMILY = "1,2";
				TEST_HOST = "$(BUILT_PRODUCTS_DIR)/SwiftUI-Basic.app/$(BUNDLE_EXECUTABLE_FOLDER_PATH)/SwiftUI-Basic";
			};
			name = Release;
		};
		CD5FC19B29C33E2700B22128 /* Debug */ = {
			isa = XCBuildConfiguration;
			buildSettings = {
				ALWAYS_EMBED_SWIFT_STANDARD_LIBRARIES = YES;
				CODE_SIGN_STYLE = Automatic;
				CURRENT_PROJECT_VERSION = 1;
				DEVELOPMENT_TEAM = P3KXNQ9736;
				GENERATE_INFOPLIST_FILE = YES;
				MARKETING_VERSION = 1.0;
				PRODUCT_BUNDLE_IDENTIFIER = "Choi.SwiftUI-BasicUITests";
				PRODUCT_NAME = "$(TARGET_NAME)";
				SWIFT_EMIT_LOC_STRINGS = NO;
				SWIFT_VERSION = 5.0;
				TARGETED_DEVICE_FAMILY = "1,2";
				TEST_TARGET_NAME = "SwiftUI-Basic";
			};
			name = Debug;
		};
		CD5FC19C29C33E2700B22128 /* Release */ = {
			isa = XCBuildConfiguration;
			buildSettings = {
				ALWAYS_EMBED_SWIFT_STANDARD_LIBRARIES = YES;
				CODE_SIGN_STYLE = Automatic;
				CURRENT_PROJECT_VERSION = 1;
				DEVELOPMENT_TEAM = P3KXNQ9736;
				GENERATE_INFOPLIST_FILE = YES;
				MARKETING_VERSION = 1.0;
				PRODUCT_BUNDLE_IDENTIFIER = "Choi.SwiftUI-BasicUITests";
				PRODUCT_NAME = "$(TARGET_NAME)";
				SWIFT_EMIT_LOC_STRINGS = NO;
				SWIFT_VERSION = 5.0;
				TARGETED_DEVICE_FAMILY = "1,2";
				TEST_TARGET_NAME = "SwiftUI-Basic";
			};
			name = Release;
		};
/* End XCBuildConfiguration section */

/* Begin XCConfigurationList section */
		CD5FC16B29C33E2600B22128 /* Build configuration list for PBXProject "SwiftUI-Basic" */ = {
			isa = XCConfigurationList;
			buildConfigurations = (
				CD5FC19229C33E2700B22128 /* Debug */,
				CD5FC19329C33E2700B22128 /* Release */,
			);
			defaultConfigurationIsVisible = 0;
			defaultConfigurationName = Release;
		};
		CD5FC19429C33E2700B22128 /* Build configuration list for PBXNativeTarget "SwiftUI-Basic" */ = {
			isa = XCConfigurationList;
			buildConfigurations = (
				CD5FC19529C33E2700B22128 /* Debug */,
				CD5FC19629C33E2700B22128 /* Release */,
			);
			defaultConfigurationIsVisible = 0;
			defaultConfigurationName = Release;
		};
		CD5FC19729C33E2700B22128 /* Build configuration list for PBXNativeTarget "SwiftUI-BasicTests" */ = {
			isa = XCConfigurationList;
			buildConfigurations = (
				CD5FC19829C33E2700B22128 /* Debug */,
				CD5FC19929C33E2700B22128 /* Release */,
			);
			defaultConfigurationIsVisible = 0;
			defaultConfigurationName = Release;
		};
		CD5FC19A29C33E2700B22128 /* Build configuration list for PBXNativeTarget "SwiftUI-BasicUITests" */ = {
			isa = XCConfigurationList;
			buildConfigurations = (
				CD5FC19B29C33E2700B22128 /* Debug */,
				CD5FC19C29C33E2700B22128 /* Release */,
			);
			defaultConfigurationIsVisible = 0;
			defaultConfigurationName = Release;
		};
/* End XCConfigurationList section */
	};
	rootObject = CD5FC16829C33E2600B22128 /* Project object */;
}
